
Microsoft Visual Studio Solution File, Format Version 12.00
# Visual Studio Version 17
VisualStudioVersion = 17.0.31903.59
MinimumVisualStudioVersion = 10.0.40219.1
Project("{FAE04EC0-301F-11D3-BF4B-00C04F79EFBC}") = "dotnetcoresample", "dotnetcoresample.csproj", "{F6BE2575-ADD0-4CA2-8AAA-C7E40734CAC4}"
EndProject
Project("{FAE04EC0-301F-11D3-BF4B-00C04F79EFBC}") = "dotnetcoresample.Tests", "dotnetcoresample.Tests\dotnetcoresample.Tests.csproj", "{60649615-85C6-4F27-AB09-5FF0FF5BA67D}"
EndProject
Global
	GlobalSection(SolutionConfigurationPlatforms) = preSolution
		Debug|Any CPU = Debug|Any CPU
		Release|Any CPU = Release|Any CPU
	EndGlobalSection
	GlobalSection(SolutionProperties) = preSolution
		HideSolutionNode = FALSE
	EndGlobalSection
	GlobalSection(ProjectConfigurationPlatforms) = postSolution
		{F6BE2575-ADD0-4CA2-8AAA-C7E40734CAC4}.Debug|Any CPU.ActiveCfg = Debug|Any CPU
		{F6BE2575-ADD0-4CA2-8AAA-C7E40734CAC4}.Debug|Any CPU.Build.0 = Debug|Any CPU
		{F6BE2575-ADD0-4CA2-8AAA-C7E40734CAC4}.Release|Any CPU.ActiveCfg = Release|Any CPU
		{F6BE2575-ADD0-4CA2-8AAA-C7E40734CAC4}.Release|Any CPU.Build.0 = Release|Any CPU
		{60649615-85C6-4F27-AB09-5FF0FF5BA67D}.Debug|Any CPU.ActiveCfg = Debug|Any CPU
		{60649615-85C6-4F27-AB09-5FF0FF5BA67D}.Debug|Any CPU.Build.0 = Debug|Any CPU
		{60649615-85C6-4F27-AB09-5FF0FF5BA67D}.Release|Any CPU.ActiveCfg = Release|Any CPU
		{60649615-85C6-4F27-AB09-5FF0FF5BA67D}.Release|Any CPU.Build.0 = Release|Any CPU
	EndGlobalSection
EndGlobal
